
Microsoft Visual Studio Solution File, Format Version 12.00
# Visual Studio 15
VisualStudioVersion = 15.0.26228.9
MinimumVisualStudioVersion = 10.0.40219.1
Project("{8BC9CEB8-8B4A-11D0-8D11-00A0C91BC942}") = "Oodp4", "Oodp4\Oodp4.vcxproj", "{38129432-5092-4B93-9FDD-AE0987B8703B}"
EndProject
Project("{8BC9CEB8-8B4A-11D0-8D11-00A0C91BC942}") = "Cpp11-BlockingQueue", "Cpp11-BlockingQueue\Cpp11-BlockingQueue.vcxproj", "{410F0DB7-0334-41C5-9E7A-A80C96191BA8}"
EndProject
Project("{8BC9CEB8-8B4A-11D0-8D11-00A0C91BC942}") = "MockChannel", "MockChannel\MockChannel.vcxproj", "{0ADF608B-871C-4368-A24E-2AAF753645A8}"
EndProject
Project("{8BC9CEB8-8B4A-11D0-8D11-00A0C91BC942}") = "HttpMessage", "HttpMessage\HttpMessage.vcxproj", "{37228C67-76B8-4B68-ABB9-E9B9BB784B40}"
EndProject
Project("{8BC9CEB8-8B4A-11D0-8D11-00A0C91BC942}") = "MsgClient", "MsgClient\MsgClient.vcxproj", "{63D29FF8-8D95-48D2-AED9-08DC4AFB5814}"
EndProject
Project("{8BC9CEB8-8B4A-11D0-8D11-00A0C91BC942}") = "MsgServer", "MsgServer\MsgServer.vcxproj", "{5DD1DBDE-C6BD-48E0-9CF2-81E9E87004E3}"
EndProject
Project("{8BC9CEB8-8B4A-11D0-8D11-00A0C91BC942}") = "AbstractSyntaxTree", "AbstractSyntaxTree\AbstractSyntaxTree.vcxproj", "{DB677FFE-6721-42B9-A34B-312C77C413F9}"
EndProject
Project("{8BC9CEB8-8B4A-11D0-8D11-00A0C91BC942}") = "Convert", "Convert\Convert.vcxproj", "{155D834F-5C31-4D72-B995-209A35BD6442}"
EndProject
Project("{8BC9CEB8-8B4A-11D0-8D11-00A0C91BC942}") = "Utilities", "Utilities\Utilities.vcxproj", "{671EF0B6-6577-4605-B640-5A9C714BD9D0}"
EndProject
Project("{8BC9CEB8-8B4A-11D0-8D11-00A0C91BC942}") = "XmlDocument", "XmlDocument\XmlDocument.vcxproj", "{5CA5459E-4D66-4F79-8732-F9095099826A}"
EndProject
Project("{8BC9CEB8-8B4A-11D0-8D11-00A0C91BC942}") = "TypeTable.h", "TypeTable.h\TypeTable.h.vcxproj", "{70840F22-EE69-4C5F-AC17-B0AD223797E0}"
EndProject
Project("{8BC9CEB8-8B4A-11D0-8D11-00A0C91BC942}") = "Tokenizer", "Tokenizer\Tokenizer.vcxproj", "{DE309093-D39E-49F1-BAEF-400B56C0C284}"
EndProject
Project("{8BC9CEB8-8B4A-11D0-8D11-00A0C91BC942}") = "StrongComponent", "StrongComponent\StrongComponent.vcxproj", "{6B5D3118-C655-41F6-8184-B812080B4A67}"
EndProject
Project("{8BC9CEB8-8B4A-11D0-8D11-00A0C91BC942}") = "NoSqlDb", "NoSqlDb\NoSqlDb.vcxproj", "{A38FA61F-2AAD-4B21-B216-376819627A0D}"
EndProject
Project("{8BC9CEB8-8B4A-11D0-8D11-00A0C91BC942}") = "CppProperties", "CppProperties\CppProperties.vcxproj", "{F0259D32-90C8-4003-B066-2EAA5842121B}"
EndProject
Project("{8BC9CEB8-8B4A-11D0-8D11-00A0C91BC942}") = "DependencyAnalysis", "DependencyAnalysis\DependencyAnalysis.vcxproj", "{4A7E7680-8415-4E70-A303-454524B5680F}"
EndProject
Project("{8BC9CEB8-8B4A-11D0-8D11-00A0C91BC942}") = "ServerExecutive", "ServerExecutive\ServerExecutive.vcxproj", "{E56CAAF5-961C-4C7E-8512-CA0A553EF6DE}"
EndProject
Project("{8BC9CEB8-8B4A-11D0-8D11-00A0C91BC942}") = "FileMgr", "FileMgr\FileMgr.vcxproj", "{7C2BD027-1AE5-46A6-BDAD-B89A3628E254}"
EndProject
Project("{8BC9CEB8-8B4A-11D0-8D11-00A0C91BC942}") = "GrammarHelpers", "GrammarHelpers\GrammarHelpers.vcxproj", "{C529018A-3D77-40E2-B4C1-0342EE074AF5}"
EndProject
Project("{8BC9CEB8-8B4A-11D0-8D11-00A0C91BC942}") = "Logger", "Logger\Logger.vcxproj", "{BE6B2C6C-F926-49D0-91EC-287820660CB7}"
EndProject
Project("{8BC9CEB8-8B4A-11D0-8D11-00A0C91BC942}") = "Parser", "Parser\Parser.vcxproj", "{35C72914-361D-4521-934F-5060A8ADFC5C}"
EndProject
Project("{8BC9CEB8-8B4A-11D0-8D11-00A0C91BC942}") = "Publisher", "Publisher\Publisher.vcxproj", "{888BC839-E60B-46ED-8232-80D10B080C0F}"
EndProject
Project("{8BC9CEB8-8B4A-11D0-8D11-00A0C91BC942}") = "ScopeStack", "ScopeStack\ScopeStack.vcxproj", "{6C39A933-BA9D-4B37-BBA2-89A2149D686C}"
EndProject
Project("{8BC9CEB8-8B4A-11D0-8D11-00A0C91BC942}") = "SemiExp", "SemiExp\SemiExp.vcxproj", "{353FDDC6-2E39-464C-9999-CB431164DCC3}"
EndProject
Global
	GlobalSection(SolutionConfigurationPlatforms) = preSolution
		Debug|x64 = Debug|x64
		Debug|x86 = Debug|x86
		Release|x64 = Release|x64
		Release|x86 = Release|x86
	EndGlobalSection
	GlobalSection(ProjectConfigurationPlatforms) = postSolution
		{38129432-5092-4B93-9FDD-AE0987B8703B}.Debug|x64.ActiveCfg = Debug|x64
		{38129432-5092-4B93-9FDD-AE0987B8703B}.Debug|x64.Build.0 = Debug|x64
		{38129432-5092-4B93-9FDD-AE0987B8703B}.Debug|x86.ActiveCfg = Debug|Win32
		{38129432-5092-4B93-9FDD-AE0987B8703B}.Debug|x86.Build.0 = Debug|Win32
		{38129432-5092-4B93-9FDD-AE0987B8703B}.Release|x64.ActiveCfg = Release|x64
		{38129432-5092-4B93-9FDD-AE0987B8703B}.Release|x64.Build.0 = Release|x64
		{38129432-5092-4B93-9FDD-AE0987B8703B}.Release|x86.ActiveCfg = Release|Win32
		{38129432-5092-4B93-9FDD-AE0987B8703B}.Release|x86.Build.0 = Release|Win32
		{410F0DB7-0334-41C5-9E7A-A80C96191BA8}.Debug|x64.ActiveCfg = Debug|x64
		{410F0DB7-0334-41C5-9E7A-A80C96191BA8}.Debug|x64.Build.0 = Debug|x64
		{410F0DB7-0334-41C5-9E7A-A80C96191BA8}.Debug|x86.ActiveCfg = Debug|Win32
		{410F0DB7-0334-41C5-9E7A-A80C96191BA8}.Debug|x86.Build.0 = Debug|Win32
		{410F0DB7-0334-41C5-9E7A-A80C96191BA8}.Release|x64.ActiveCfg = Release|x64
		{410F0DB7-0334-41C5-9E7A-A80C96191BA8}.Release|x64.Build.0 = Release|x64
		{410F0DB7-0334-41C5-9E7A-A80C96191BA8}.Release|x86.ActiveCfg = Release|Win32
		{410F0DB7-0334-41C5-9E7A-A80C96191BA8}.Release|x86.Build.0 = Release|Win32
		{0ADF608B-871C-4368-A24E-2AAF753645A8}.Debug|x64.ActiveCfg = Debug|x64
		{0ADF608B-871C-4368-A24E-2AAF753645A8}.Debug|x64.Build.0 = Debug|x64
		{0ADF608B-871C-4368-A24E-2AAF753645A8}.Debug|x86.ActiveCfg = Debug|Win32
		{0ADF608B-871C-4368-A24E-2AAF753645A8}.Debug|x86.Build.0 = Debug|Win32
		{0ADF608B-871C-4368-A24E-2AAF753645A8}.Release|x64.ActiveCfg = Release|x64
		{0ADF608B-871C-4368-A24E-2AAF753645A8}.Release|x64.Build.0 = Release|x64
		{0ADF608B-871C-4368-A24E-2AAF753645A8}.Release|x86.ActiveCfg = Release|Win32
		{0ADF608B-871C-4368-A24E-2AAF753645A8}.Release|x86.Build.0 = Release|Win32
		{37228C67-76B8-4B68-ABB9-E9B9BB784B40}.Debug|x64.ActiveCfg = Debug|x64
		{37228C67-76B8-4B68-ABB9-E9B9BB784B40}.Debug|x64.Build.0 = Debug|x64
		{37228C67-76B8-4B68-ABB9-E9B9BB784B40}.Debug|x86.ActiveCfg = Debug|Win32
		{37228C67-76B8-4B68-ABB9-E9B9BB784B40}.Debug|x86.Build.0 = Debug|Win32
		{37228C67-76B8-4B68-ABB9-E9B9BB784B40}.Release|x64.ActiveCfg = Release|x64
		{37228C67-76B8-4B68-ABB9-E9B9BB784B40}.Release|x64.Build.0 = Release|x64
		{37228C67-76B8-4B68-ABB9-E9B9BB784B40}.Release|x86.ActiveCfg = Release|Win32
		{37228C67-76B8-4B68-ABB9-E9B9BB784B40}.Release|x86.Build.0 = Release|Win32
		{63D29FF8-8D95-48D2-AED9-08DC4AFB5814}.Debug|x64.ActiveCfg = Debug|x64
		{63D29FF8-8D95-48D2-AED9-08DC4AFB5814}.Debug|x64.Build.0 = Debug|x64
		{63D29FF8-8D95-48D2-AED9-08DC4AFB5814}.Debug|x86.ActiveCfg = Debug|Win32
		{63D29FF8-8D95-48D2-AED9-08DC4AFB5814}.Debug|x86.Build.0 = Debug|Win32
		{63D29FF8-8D95-48D2-AED9-08DC4AFB5814}.Release|x64.ActiveCfg = Release|x64
		{63D29FF8-8D95-48D2-AED9-08DC4AFB5814}.Release|x64.Build.0 = Release|x64
		{63D29FF8-8D95-48D2-AED9-08DC4AFB5814}.Release|x86.ActiveCfg = Release|Win32
		{63D29FF8-8D95-48D2-AED9-08DC4AFB5814}.Release|x86.Build.0 = Release|Win32
		{5DD1DBDE-C6BD-48E0-9CF2-81E9E87004E3}.Debug|x64.ActiveCfg = Debug|x64
		{5DD1DBDE-C6BD-48E0-9CF2-81E9E87004E3}.Debug|x64.Build.0 = Debug|x64
		{5DD1DBDE-C6BD-48E0-9CF2-81E9E87004E3}.Debug|x86.ActiveCfg = Debug|Win32
		{5DD1DBDE-C6BD-48E0-9CF2-81E9E87004E3}.Debug|x86.Build.0 = Debug|Win32
		{5DD1DBDE-C6BD-48E0-9CF2-81E9E87004E3}.Release|x64.ActiveCfg = Release|x64
		{5DD1DBDE-C6BD-48E0-9CF2-81E9E87004E3}.Release|x64.Build.0 = Release|x64
		{5DD1DBDE-C6BD-48E0-9CF2-81E9E87004E3}.Release|x86.ActiveCfg = Release|Win32
		{5DD1DBDE-C6BD-48E0-9CF2-81E9E87004E3}.Release|x86.Build.0 = Release|Win32
		{DB677FFE-6721-42B9-A34B-312C77C413F9}.Debug|x64.ActiveCfg = Debug|x64
		{DB677FFE-6721-42B9-A34B-312C77C413F9}.Debug|x64.Build.0 = Debug|x64
		{DB677FFE-6721-42B9-A34B-312C77C413F9}.Debug|x86.ActiveCfg = Debug|Win32
		{DB677FFE-6721-42B9-A34B-312C77C413F9}.Debug|x86.Build.0 = Debug|Win32
		{DB677FFE-6721-42B9-A34B-312C77C413F9}.Release|x64.ActiveCfg = Release|x64
		{DB677FFE-6721-42B9-A34B-312C77C413F9}.Release|x64.Build.0 = Release|x64
		{DB677FFE-6721-42B9-A34B-312C77C413F9}.Release|x86.ActiveCfg = Release|Win32
		{DB677FFE-6721-42B9-A34B-312C77C413F9}.Release|x86.Build.0 = Release|Win32
		{155D834F-5C31-4D72-B995-209A35BD6442}.Debug|x64.ActiveCfg = Debug|x64
		{155D834F-5C31-4D72-B995-209A35BD6442}.Debug|x64.Build.0 = Debug|x64
		{155D834F-5C31-4D72-B995-209A35BD6442}.Debug|x86.ActiveCfg = Debug|Win32
		{155D834F-5C31-4D72-B995-209A35BD6442}.Debug|x86.Build.0 = Debug|Win32
		{155D834F-5C31-4D72-B995-209A35BD6442}.Release|x64.ActiveCfg = Release|x64
		{155D834F-5C31-4D72-B995-209A35BD6442}.Release|x64.Build.0 = Release|x64
		{155D834F-5C31-4D72-B995-209A35BD6442}.Release|x86.ActiveCfg = Release|Win32
		{155D834F-5C31-4D72-B995-209A35BD6442}.Release|x86.Build.0 = Release|Win32
		{671EF0B6-6577-4605-B640-5A9C714BD9D0}.Debug|x64.ActiveCfg = Debug|x64
		{671EF0B6-6577-4605-B640-5A9C714BD9D0}.Debug|x64.Build.0 = Debug|x64
		{671EF0B6-6577-4605-B640-5A9C714BD9D0}.Debug|x86.ActiveCfg = Debug|Win32
		{671EF0B6-6577-4605-B640-5A9C714BD9D0}.Debug|x86.Build.0 = Debug|Win32
		{671EF0B6-6577-4605-B640-5A9C714BD9D0}.Release|x64.ActiveCfg = Release|x64
		{671EF0B6-6577-4605-B640-5A9C714BD9D0}.Release|x64.Build.0 = Release|x64
		{671EF0B6-6577-4605-B640-5A9C714BD9D0}.Release|x86.ActiveCfg = Release|Win32
		{671EF0B6-6577-4605-B640-5A9C714BD9D0}.Release|x86.Build.0 = Release|Win32
		{5CA5459E-4D66-4F79-8732-F9095099826A}.Debug|x64.ActiveCfg = Debug|x64
		{5CA5459E-4D66-4F79-8732-F9095099826A}.Debug|x64.Build.0 = Debug|x64
		{5CA5459E-4D66-4F79-8732-F9095099826A}.Debug|x86.ActiveCfg = Debug|Win32
		{5CA5459E-4D66-4F79-8732-F9095099826A}.Debug|x86.Build.0 = Debug|Win32
		{5CA5459E-4D66-4F79-8732-F9095099826A}.Release|x64.ActiveCfg = Release|x64
		{5CA5459E-4D66-4F79-8732-F9095099826A}.Release|x64.Build.0 = Release|x64
		{5CA5459E-4D66-4F79-8732-F9095099826A}.Release|x86.ActiveCfg = Release|Win32
		{5CA5459E-4D66-4F79-8732-F9095099826A}.Release|x86.Build.0 = Release|Win32
		{70840F22-EE69-4C5F-AC17-B0AD223797E0}.Debug|x64.ActiveCfg = Debug|x64
		{70840F22-EE69-4C5F-AC17-B0AD223797E0}.Debug|x64.Build.0 = Debug|x64
		{70840F22-EE69-4C5F-AC17-B0AD223797E0}.Debug|x86.ActiveCfg = Debug|Win32
		{70840F22-EE69-4C5F-AC17-B0AD223797E0}.Debug|x86.Build.0 = Debug|Win32
		{70840F22-EE69-4C5F-AC17-B0AD223797E0}.Release|x64.ActiveCfg = Release|x64
		{70840F22-EE69-4C5F-AC17-B0AD223797E0}.Release|x64.Build.0 = Release|x64
		{70840F22-EE69-4C5F-AC17-B0AD223797E0}.Release|x86.ActiveCfg = Release|Win32
		{70840F22-EE69-4C5F-AC17-B0AD223797E0}.Release|x86.Build.0 = Release|Win32
		{DE309093-D39E-49F1-BAEF-400B56C0C284}.Debug|x64.ActiveCfg = Debug|x64
		{DE309093-D39E-49F1-BAEF-400B56C0C284}.Debug|x64.Build.0 = Debug|x64
		{DE309093-D39E-49F1-BAEF-400B56C0C284}.Debug|x86.ActiveCfg = Debug|Win32
		{DE309093-D39E-49F1-BAEF-400B56C0C284}.Debug|x86.Build.0 = Debug|Win32
		{DE309093-D39E-49F1-BAEF-400B56C0C284}.Release|x64.ActiveCfg = Release|x64
		{DE309093-D39E-49F1-BAEF-400B56C0C284}.Release|x64.Build.0 = Release|x64
		{DE309093-D39E-49F1-BAEF-400B56C0C284}.Release|x86.ActiveCfg = Release|Win32
		{DE309093-D39E-49F1-BAEF-400B56C0C284}.Release|x86.Build.0 = Release|Win32
		{6B5D3118-C655-41F6-8184-B812080B4A67}.Debug|x64.ActiveCfg = Debug|x64
		{6B5D3118-C655-41F6-8184-B812080B4A67}.Debug|x64.Build.0 = Debug|x64
		{6B5D3118-C655-41F6-8184-B812080B4A67}.Debug|x86.ActiveCfg = Debug|Win32
		{6B5D3118-C655-41F6-8184-B812080B4A67}.Debug|x86.Build.0 = Debug|Win32
		{6B5D3118-C655-41F6-8184-B812080B4A67}.Release|x64.ActiveCfg = Release|x64
		{6B5D3118-C655-41F6-8184-B812080B4A67}.Release|x64.Build.0 = Release|x64
		{6B5D3118-C655-41F6-8184-B812080B4A67}.Release|x86.ActiveCfg = Release|Win32
		{6B5D3118-C655-41F6-8184-B812080B4A67}.Release|x86.Build.0 = Release|Win32
		{A38FA61F-2AAD-4B21-B216-376819627A0D}.Debug|x64.ActiveCfg = Debug|x64
		{A38FA61F-2AAD-4B21-B216-376819627A0D}.Debug|x64.Build.0 = Debug|x64
		{A38FA61F-2AAD-4B21-B216-376819627A0D}.Debug|x86.ActiveCfg = Debug|Win32
		{A38FA61F-2AAD-4B21-B216-376819627A0D}.Debug|x86.Build.0 = Debug|Win32
		{A38FA61F-2AAD-4B21-B216-376819627A0D}.Release|x64.ActiveCfg = Release|x64
		{A38FA61F-2AAD-4B21-B216-376819627A0D}.Release|x64.Build.0 = Release|x64
		{A38FA61F-2AAD-4B21-B216-376819627A0D}.Release|x86.ActiveCfg = Release|Win32
		{A38FA61F-2AAD-4B21-B216-376819627A0D}.Release|x86.Build.0 = Release|Win32
		{F0259D32-90C8-4003-B066-2EAA5842121B}.Debug|x64.ActiveCfg = Debug|x64
		{F0259D32-90C8-4003-B066-2EAA5842121B}.Debug|x64.Build.0 = Debug|x64
		{F0259D32-90C8-4003-B066-2EAA5842121B}.Debug|x86.ActiveCfg = Debug|Win32
		{F0259D32-90C8-4003-B066-2EAA5842121B}.Debug|x86.Build.0 = Debug|Win32
		{F0259D32-90C8-4003-B066-2EAA5842121B}.Release|x64.ActiveCfg = Release|x64
		{F0259D32-90C8-4003-B066-2EAA5842121B}.Release|x64.Build.0 = Release|x64
		{F0259D32-90C8-4003-B066-2EAA5842121B}.Release|x86.ActiveCfg = Release|Win32
		{F0259D32-90C8-4003-B066-2EAA5842121B}.Release|x86.Build.0 = Release|Win32
		{4A7E7680-8415-4E70-A303-454524B5680F}.Debug|x64.ActiveCfg = Debug|x64
		{4A7E7680-8415-4E70-A303-454524B5680F}.Debug|x64.Build.0 = Debug|x64
		{4A7E7680-8415-4E70-A303-454524B5680F}.Debug|x86.ActiveCfg = Debug|Win32
		{4A7E7680-8415-4E70-A303-454524B5680F}.Debug|x86.Build.0 = Debug|Win32
		{4A7E7680-8415-4E70-A303-454524B5680F}.Release|x64.ActiveCfg = Release|x64
		{4A7E7680-8415-4E70-A303-454524B5680F}.Release|x64.Build.0 = Release|x64
		{4A7E7680-8415-4E70-A303-454524B5680F}.Release|x86.ActiveCfg = Release|Win32
		{4A7E7680-8415-4E70-A303-454524B5680F}.Release|x86.Build.0 = Release|Win32
		{E56CAAF5-961C-4C7E-8512-CA0A553EF6DE}.Debug|x64.ActiveCfg = Debug|x64
		{E56CAAF5-961C-4C7E-8512-CA0A553EF6DE}.Debug|x64.Build.0 = Debug|x64
		{E56CAAF5-961C-4C7E-8512-CA0A553EF6DE}.Debug|x86.ActiveCfg = Debug|Win32
		{E56CAAF5-961C-4C7E-8512-CA0A553EF6DE}.Debug|x86.Build.0 = Debug|Win32
		{E56CAAF5-961C-4C7E-8512-CA0A553EF6DE}.Release|x64.ActiveCfg = Release|x64
		{E56CAAF5-961C-4C7E-8512-CA0A553EF6DE}.Release|x64.Build.0 = Release|x64
		{E56CAAF5-961C-4C7E-8512-CA0A553EF6DE}.Release|x86.ActiveCfg = Release|Win32
		{E56CAAF5-961C-4C7E-8512-CA0A553EF6DE}.Release|x86.Build.0 = Release|Win32
		{7C2BD027-1AE5-46A6-BDAD-B89A3628E254}.Debug|x64.ActiveCfg = Debug|x64
		{7C2BD027-1AE5-46A6-BDAD-B89A3628E254}.Debug|x64.Build.0 = Debug|x64
		{7C2BD027-1AE5-46A6-BDAD-B89A3628E254}.Debug|x86.ActiveCfg = Debug|Win32
		{7C2BD027-1AE5-46A6-BDAD-B89A3628E254}.Debug|x86.Build.0 = Debug|Win32
		{7C2BD027-1AE5-46A6-BDAD-B89A3628E254}.Release|x64.ActiveCfg = Release|x64
		{7C2BD027-1AE5-46A6-BDAD-B89A3628E254}.Release|x64.Build.0 = Release|x64
		{7C2BD027-1AE5-46A6-BDAD-B89A3628E254}.Release|x86.ActiveCfg = Release|Win32
		{7C2BD027-1AE5-46A6-BDAD-B89A3628E254}.Release|x86.Build.0 = Release|Win32
		{C529018A-3D77-40E2-B4C1-0342EE074AF5}.Debug|x64.ActiveCfg = Debug|x64
		{C529018A-3D77-40E2-B4C1-0342EE074AF5}.Debug|x64.Build.0 = Debug|x64
		{C529018A-3D77-40E2-B4C1-0342EE074AF5}.Debug|x86.ActiveCfg = Debug|Win32
		{C529018A-3D77-40E2-B4C1-0342EE074AF5}.Debug|x86.Build.0 = Debug|Win32
		{C529018A-3D77-40E2-B4C1-0342EE074AF5}.Release|x64.ActiveCfg = Release|x64
		{C529018A-3D77-40E2-B4C1-0342EE074AF5}.Release|x64.Build.0 = Release|x64
		{C529018A-3D77-40E2-B4C1-0342EE074AF5}.Release|x86.ActiveCfg = Release|Win32
		{C529018A-3D77-40E2-B4C1-0342EE074AF5}.Release|x86.Build.0 = Release|Win32
		{BE6B2C6C-F926-49D0-91EC-287820660CB7}.Debug|x64.ActiveCfg = Debug|x64
		{BE6B2C6C-F926-49D0-91EC-287820660CB7}.Debug|x64.Build.0 = Debug|x64
		{BE6B2C6C-F926-49D0-91EC-287820660CB7}.Debug|x86.ActiveCfg = Debug|Win32
		{BE6B2C6C-F926-49D0-91EC-287820660CB7}.Debug|x86.Build.0 = Debug|Win32
		{BE6B2C6C-F926-49D0-91EC-287820660CB7}.Release|x64.ActiveCfg = Release|x64
		{BE6B2C6C-F926-49D0-91EC-287820660CB7}.Release|x64.Build.0 = Release|x64
		{BE6B2C6C-F926-49D0-91EC-287820660CB7}.Release|x86.ActiveCfg = Release|Win32
		{BE6B2C6C-F926-49D0-91EC-287820660CB7}.Release|x86.Build.0 = Release|Win32
		{35C72914-361D-4521-934F-5060A8ADFC5C}.Debug|x64.ActiveCfg = Debug|x64
		{35C72914-361D-4521-934F-5060A8ADFC5C}.Debug|x64.Build.0 = Debug|x64
		{35C72914-361D-4521-934F-5060A8ADFC5C}.Debug|x86.ActiveCfg = Debug|Win32
		{35C72914-361D-4521-934F-5060A8ADFC5C}.Debug|x86.Build.0 = Debug|Win32
		{35C72914-361D-4521-934F-5060A8ADFC5C}.Release|x64.ActiveCfg = Release|x64
		{35C72914-361D-4521-934F-5060A8ADFC5C}.Release|x64.Build.0 = Release|x64
		{35C72914-361D-4521-934F-5060A8ADFC5C}.Release|x86.ActiveCfg = Release|Win32
		{35C72914-361D-4521-934F-5060A8ADFC5C}.Release|x86.Build.0 = Release|Win32
		{888BC839-E60B-46ED-8232-80D10B080C0F}.Debug|x64.ActiveCfg = Debug|x64
		{888BC839-E60B-46ED-8232-80D10B080C0F}.Debug|x64.Build.0 = Debug|x64
		{888BC839-E60B-46ED-8232-80D10B080C0F}.Debug|x86.ActiveCfg = Debug|Win32
		{888BC839-E60B-46ED-8232-80D10B080C0F}.Debug|x86.Build.0 = Debug|Win32
		{888BC839-E60B-46ED-8232-80D10B080C0F}.Release|x64.ActiveCfg = Release|x64
		{888BC839-E60B-46ED-8232-80D10B080C0F}.Release|x64.Build.0 = Release|x64
		{888BC839-E60B-46ED-8232-80D10B080C0F}.Release|x86.ActiveCfg = Release|Win32
		{888BC839-E60B-46ED-8232-80D10B080C0F}.Release|x86.Build.0 = Release|Win32
		{6C39A933-BA9D-4B37-BBA2-89A2149D686C}.Debug|x64.ActiveCfg = Debug|x64
		{6C39A933-BA9D-4B37-BBA2-89A2149D686C}.Debug|x64.Build.0 = Debug|x64
		{6C39A933-BA9D-4B37-BBA2-89A2149D686C}.Debug|x86.ActiveCfg = Debug|Win32
		{6C39A933-BA9D-4B37-BBA2-89A2149D686C}.Debug|x86.Build.0 = Debug|Win32
		{6C39A933-BA9D-4B37-BBA2-89A2149D686C}.Release|x64.ActiveCfg = Release|x64
		{6C39A933-BA9D-4B37-BBA2-89A2149D686C}.Release|x64.Build.0 = Release|x64
		{6C39A933-BA9D-4B37-BBA2-89A2149D686C}.Release|x86.ActiveCfg = Release|Win32
		{6C39A933-BA9D-4B37-BBA2-89A2149D686C}.Release|x86.Build.0 = Release|Win32
		{353FDDC6-2E39-464C-9999-CB431164DCC3}.Debug|x64.ActiveCfg = Debug|x64
		{353FDDC6-2E39-464C-9999-CB431164DCC3}.Debug|x64.Build.0 = Debug|x64
		{353FDDC6-2E39-464C-9999-CB431164DCC3}.Debug|x86.ActiveCfg = Debug|Win32
		{353FDDC6-2E39-464C-9999-CB431164DCC3}.Debug|x86.Build.0 = Debug|Win32
		{353FDDC6-2E39-464C-9999-CB431164DCC3}.Release|x64.ActiveCfg = Release|x64
		{353FDDC6-2E39-464C-9999-CB431164DCC3}.Release|x64.Build.0 = Release|x64
		{353FDDC6-2E39-464C-9999-CB431164DCC3}.Release|x86.ActiveCfg = Release|Win32
		{353FDDC6-2E39-464C-9999-CB431164DCC3}.Release|x86.Build.0 = Release|Win32
	EndGlobalSection
	GlobalSection(SolutionProperties) = preSolution
		HideSolutionNode = FALSE
	EndGlobalSection
EndGlobal
